
Microsoft Visual Studio Solution File, Format Version 12.00
# Visual Studio Version 16
VisualStudioVersion = 16.0.28606.126
MinimumVisualStudioVersion = 10.0.40219.1
Project("{888888A0-9F3D-457C-B088-3A5042F75D52}") = "ML-Experiments", "ML-Experiments\ML-Experiments.pyproj", "{12C7500A-3933-4CAF-B62F-F15E9182AABC}"
EndProject
Global
	GlobalSection(SolutionConfigurationPlatforms) = preSolution
		Debug|Any CPU = Debug|Any CPU
		Release|Any CPU = Release|Any CPU
	EndGlobalSection
	GlobalSection(ProjectConfigurationPlatforms) = postSolution
		{12C7500A-3933-4CAF-B62F-F15E9182AABC}.Debug|Any CPU.ActiveCfg = Debug|Any CPU
		{12C7500A-3933-4CAF-B62F-F15E9182AABC}.Release|Any CPU.ActiveCfg = Release|Any CPU
	EndGlobalSection
	GlobalSection(SolutionProperties) = preSolution
		HideSolutionNode = FALSE
	EndGlobalSection
	GlobalSection(ExtensibilityGlobals) = postSolution
		SolutionGuid = {D7F76F76-407F-4C95-BFB0-06792BBA0A33}
	EndGlobalSection
EndGlobal
